
Microsoft Visual Studio Solution File, Format Version 12.00
# Visual Studio 15
VisualStudioVersion = 15.0.27428.2043
MinimumVisualStudioVersion = 10.0.40219.1
Project("{FAE04EC0-301F-11D3-BF4B-00C04F79EFBC}") = "Aviva.FizzBuzz", "Aviva.FizzBuzz\Aviva.FizzBuzz.csproj", "{DF5ADB4C-6BE9-4822-8BF4-26674BC94DE7}"
EndProject
Project("{FAE04EC0-301F-11D3-BF4B-00C04F79EFBC}") = "Aviva.FizzBuzz.Tests", "Aviva.FizzBuzz.Tests\Aviva.FizzBuzz.Tests.csproj", "{5322D6A3-8CD3-44B0-BB31-F6A447744A4E}"
EndProject
Global
	GlobalSection(SolutionConfigurationPlatforms) = preSolution
		Debug|Any CPU = Debug|Any CPU
		Release|Any CPU = Release|Any CPU
	EndGlobalSection
	GlobalSection(ProjectConfigurationPlatforms) = postSolution
		{DF5ADB4C-6BE9-4822-8BF4-26674BC94DE7}.Debug|Any CPU.ActiveCfg = Debug|Any CPU
		{DF5ADB4C-6BE9-4822-8BF4-26674BC94DE7}.Debug|Any CPU.Build.0 = Debug|Any CPU
		{DF5ADB4C-6BE9-4822-8BF4-26674BC94DE7}.Release|Any CPU.ActiveCfg = Release|Any CPU
		{DF5ADB4C-6BE9-4822-8BF4-26674BC94DE7}.Release|Any CPU.Build.0 = Release|Any CPU
		{5322D6A3-8CD3-44B0-BB31-F6A447744A4E}.Debug|Any CPU.ActiveCfg = Debug|Any CPU
		{5322D6A3-8CD3-44B0-BB31-F6A447744A4E}.Debug|Any CPU.Build.0 = Debug|Any CPU
		{5322D6A3-8CD3-44B0-BB31-F6A447744A4E}.Release|Any CPU.ActiveCfg = Release|Any CPU
		{5322D6A3-8CD3-44B0-BB31-F6A447744A4E}.Release|Any CPU.Build.0 = Release|Any CPU
	EndGlobalSection
	GlobalSection(SolutionProperties) = preSolution
		HideSolutionNode = FALSE
	EndGlobalSection
	GlobalSection(ExtensibilityGlobals) = postSolution
		SolutionGuid = {1609A399-F47A-4266-B8A1-D1833B5383B0}
	EndGlobalSection
EndGlobal
